// !$*UTF8*$!
{
	archiveVersion = 1;
	classes = {
	};
	objectVersion = 55;
	objects = {

/* Begin PBXBuildFile section */
		9454DF28297427E9001ED74C /* AppDelegate.swift in Sources */ = {isa = PBXBuildFile; fileRef = 9454DF27297427E9001ED74C /* AppDelegate.swift */; };
		9454DF2C297427E9001ED74C /* ViewController.swift in Sources */ = {isa = PBXBuildFile; fileRef = 9454DF2B297427E9001ED74C /* ViewController.swift */; };
		9454DF2F297427E9001ED74C /* Main.storyboard in Resources */ = {isa = PBXBuildFile; fileRef = 9454DF2D297427E9001ED74C /* Main.storyboard */; };
		9454DF31297427ED001ED74C /* Assets.xcassets in Resources */ = {isa = PBXBuildFile; fileRef = 9454DF30297427ED001ED74C /* Assets.xcassets */; };
		9454DF34297427ED001ED74C /* LaunchScreen.storyboard in Resources */ = {isa = PBXBuildFile; fileRef = 9454DF32297427ED001ED74C /* LaunchScreen.storyboard */; };
		949F1F6A2988D3AF004B7C3C /* RegisterViewController.swift in Sources */ = {isa = PBXBuildFile; fileRef = 949F1F692988D3AF004B7C3C /* RegisterViewController.swift */; };
		949F1F6C2988D3EB004B7C3C /* LoginViewController.swift in Sources */ = {isa = PBXBuildFile; fileRef = 949F1F6B2988D3EB004B7C3C /* LoginViewController.swift */; };
		949F1F6E2988D495004B7C3C /* ATPhoneNumberTextField.swift in Sources */ = {isa = PBXBuildFile; fileRef = 949F1F6D2988D495004B7C3C /* ATPhoneNumberTextField.swift */; };
		949F1F702988D4D2004B7C3C /* ATRoundRectTextField.swift in Sources */ = {isa = PBXBuildFile; fileRef = 949F1F6F2988D4D1004B7C3C /* ATRoundRectTextField.swift */; };
		EFFC8651D080B16F8C9080A0 /* Pods_opencv_test_main.framework in Frameworks */ = {isa = PBXBuildFile; fileRef = FCD7DEDACDE68EB6A45BA70F /* Pods_opencv_test_main.framework */; };
/* End PBXBuildFile section */

/* Begin PBXFileReference section */
		8C0EC5005C936EC007FB87BC /* Pods-opencv-test-main.release.xcconfig */ = {isa = PBXFileReference; includeInIndex = 1; lastKnownFileType = text.xcconfig; name = "Pods-opencv-test-main.release.xcconfig"; path = "Target Support Files/Pods-opencv-test-main/Pods-opencv-test-main.release.xcconfig"; sourceTree = "<group>"; };
		9454DF24297427E9001ED74C /* opencv-test-main.app */ = {isa = PBXFileReference; explicitFileType = wrapper.application; includeInIndex = 0; path = "opencv-test-main.app"; sourceTree = BUILT_PRODUCTS_DIR; };
		9454DF27297427E9001ED74C /* AppDelegate.swift */ = {isa = PBXFileReference; lastKnownFileType = sourcecode.swift; path = AppDelegate.swift; sourceTree = "<group>"; };
		9454DF2B297427E9001ED74C /* ViewController.swift */ = {isa = PBXFileReference; lastKnownFileType = sourcecode.swift; path = ViewController.swift; sourceTree = "<group>"; };
		9454DF2E297427E9001ED74C /* Base */ = {isa = PBXFileReference; lastKnownFileType = file.storyboard; name = Base; path = Base.lproj/Main.storyboard; sourceTree = "<group>"; };
		9454DF30297427ED001ED74C /* Assets.xcassets */ = {isa = PBXFileReference; lastKnownFileType = folder.assetcatalog; path = Assets.xcassets; sourceTree = "<group>"; };
		9454DF33297427ED001ED74C /* Base */ = {isa = PBXFileReference; lastKnownFileType = file.storyboard; name = Base; path = Base.lproj/LaunchScreen.storyboard; sourceTree = "<group>"; };
		9454DF35297427ED001ED74C /* Info.plist */ = {isa = PBXFileReference; lastKnownFileType = text.plist.xml; path = Info.plist; sourceTree = "<group>"; };
		949F1F692988D3AF004B7C3C /* RegisterViewController.swift */ = {isa = PBXFileReference; fileEncoding = 4; lastKnownFileType = sourcecode.swift; path = RegisterViewController.swift; sourceTree = "<group>"; };
		949F1F6B2988D3EB004B7C3C /* LoginViewController.swift */ = {isa = PBXFileReference; fileEncoding = 4; lastKnownFileType = sourcecode.swift; path = LoginViewController.swift; sourceTree = "<group>"; };
		949F1F6D2988D495004B7C3C /* ATPhoneNumberTextField.swift */ = {isa = PBXFileReference; fileEncoding = 4; lastKnownFileType = sourcecode.swift; path = ATPhoneNumberTextField.swift; sourceTree = "<group>"; };
		949F1F6F2988D4D1004B7C3C /* ATRoundRectTextField.swift */ = {isa = PBXFileReference; fileEncoding = 4; lastKnownFileType = sourcecode.swift; path = ATRoundRectTextField.swift; sourceTree = "<group>"; };
		C5D6E89686549EC957D10E96 /* Pods-opencv-test-main.debug.xcconfig */ = {isa = PBXFileReference; includeInIndex = 1; lastKnownFileType = text.xcconfig; name = "Pods-opencv-test-main.debug.xcconfig"; path = "Target Support Files/Pods-opencv-test-main/Pods-opencv-test-main.debug.xcconfig"; sourceTree = "<group>"; };
		FCD7DEDACDE68EB6A45BA70F /* Pods_opencv_test_main.framework */ = {isa = PBXFileReference; explicitFileType = wrapper.framework; includeInIndex = 0; path = Pods_opencv_test_main.framework; sourceTree = BUILT_PRODUCTS_DIR; };
/* End PBXFileReference section */

/* Begin PBXFrameworksBuildPhase section */
		9454DF21297427E9001ED74C /* Frameworks */ = {
			isa = PBXFrameworksBuildPhase;
			buildActionMask = 2147483647;
			files = (
				EFFC8651D080B16F8C9080A0 /* Pods_opencv_test_main.framework in Frameworks */,
			);
			runOnlyForDeploymentPostprocessing = 0;
		};
/* End PBXFrameworksBuildPhase section */

/* Begin PBXGroup section */
		2D33E6AFFA292A0783A48BC4 /* Pods */ = {
			isa = PBXGroup;
			children = (
				C5D6E89686549EC957D10E96 /* Pods-opencv-test-main.debug.xcconfig */,
				8C0EC5005C936EC007FB87BC /* Pods-opencv-test-main.release.xcconfig */,
			);
			path = Pods;
			sourceTree = "<group>";
		};
		9454DF1B297427E9001ED74C = {
			isa = PBXGroup;
			children = (
				9454DF26297427E9001ED74C /* opencv-test-main */,
				9454DF25297427E9001ED74C /* Products */,
				2D33E6AFFA292A0783A48BC4 /* Pods */,
				B4AE537909234A1D08F60E96 /* Frameworks */,
			);
			sourceTree = "<group>";
		};
		9454DF25297427E9001ED74C /* Products */ = {
			isa = PBXGroup;
			children = (
				9454DF24297427E9001ED74C /* opencv-test-main.app */,
			);
			name = Products;
			sourceTree = "<group>";
		};
		9454DF26297427E9001ED74C /* opencv-test-main */ = {
			isa = PBXGroup;
			children = (
				9454DF27297427E9001ED74C /* AppDelegate.swift */,
				9454DF2B297427E9001ED74C /* ViewController.swift */,
				9454DF2D297427E9001ED74C /* Main.storyboard */,
				9454DF30297427ED001ED74C /* Assets.xcassets */,
				9454DF32297427ED001ED74C /* LaunchScreen.storyboard */,
				9454DF35297427ED001ED74C /* Info.plist */,
				949F1F71298904FE004B7C3C /* login */,
			);
			path = "opencv-test-main";
			sourceTree = "<group>";
		};
		949F1F71298904FE004B7C3C /* login */ = {
			isa = PBXGroup;
			children = (
				949F1F6B2988D3EB004B7C3C /* LoginViewController.swift */,
				949F1F6F2988D4D1004B7C3C /* ATRoundRectTextField.swift */,
				949F1F6D2988D495004B7C3C /* ATPhoneNumberTextField.swift */,
				949F1F692988D3AF004B7C3C /* RegisterViewController.swift */,
			);
			path = login;
			sourceTree = "<group>";
		};
		B4AE537909234A1D08F60E96 /* Frameworks */ = {
			isa = PBXGroup;
			children = (
				FCD7DEDACDE68EB6A45BA70F /* Pods_opencv_test_main.framework */,
			);
			name = Frameworks;
			sourceTree = "<group>";
		};
/* End PBXGroup section */

/* Begin PBXNativeTarget section */
		9454DF23297427E9001ED74C /* opencv-test-main */ = {
			isa = PBXNativeTarget;
			buildConfigurationList = 9454DF38297427ED001ED74C /* Build configuration list for PBXNativeTarget "opencv-test-main" */;
			buildPhases = (
				881A3F978B84BAA28D6B1A4B /* [CP] Check Pods Manifest.lock */,
				9C82524A3CC60A77F0453879 /* [CP-User] Run Flutter Build opencv_flutter Script */,
				9454DF20297427E9001ED74C /* Sources */,
				9454DF21297427E9001ED74C /* Frameworks */,
				9454DF22297427E9001ED74C /* Resources */,
				F3B581C7F95F0BB5775B0F68 /* [CP] Embed Pods Frameworks */,
			);
			buildRules = (
			);
			dependencies = (
			);
			name = "opencv-test-main";
			productName = "opencv-test-main";
			productReference = 9454DF24297427E9001ED74C /* opencv-test-main.app */;
			productType = "com.apple.product-type.application";
		};
/* End PBXNativeTarget section */

/* Begin PBXProject section */
		9454DF1C297427E9001ED74C /* Project object */ = {
			isa = PBXProject;
			attributes = {
				BuildIndependentTargetsInParallel = 1;
				LastSwiftUpdateCheck = 1340;
				LastUpgradeCheck = 1340;
				TargetAttributes = {
					9454DF23297427E9001ED74C = {
						CreatedOnToolsVersion = 13.4.1;
					};
				};
			};
			buildConfigurationList = 9454DF1F297427E9001ED74C /* Build configuration list for PBXProject "opencv-test-main" */;
			compatibilityVersion = "Xcode 13.0";
			developmentRegion = en;
			hasScannedForEncodings = 0;
			knownRegions = (
				en,
				Base,
			);
			mainGroup = 9454DF1B297427E9001ED74C;
			productRefGroup = 9454DF25297427E9001ED74C /* Products */;
			projectDirPath = "";
			projectRoot = "";
			targets = (
				9454DF23297427E9001ED74C /* opencv-test-main */,
			);
		};
/* End PBXProject section */

/* Begin PBXResourcesBuildPhase section */
		9454DF22297427E9001ED74C /* Resources */ = {
			isa = PBXResourcesBuildPhase;
			buildActionMask = 2147483647;
			files = (
				9454DF34297427ED001ED74C /* LaunchScreen.storyboard in Resources */,
				9454DF31297427ED001ED74C /* Assets.xcassets in Resources */,
				9454DF2F297427E9001ED74C /* Main.storyboard in Resources */,
			);
			runOnlyForDeploymentPostprocessing = 0;
		};
/* End PBXResourcesBuildPhase section */

/* Begin PBXShellScriptBuildPhase section */
		881A3F978B84BAA28D6B1A4B /* [CP] Check Pods Manifest.lock */ = {
			isa = PBXShellScriptBuildPhase;
			buildActionMask = 2147483647;
			files = (
			);
			inputFileListPaths = (
			);
			inputPaths = (
				"${PODS_PODFILE_DIR_PATH}/Podfile.lock",
				"${PODS_ROOT}/Manifest.lock",
			);
			name = "[CP] Check Pods Manifest.lock";
			outputFileListPaths = (
			);
			outputPaths = (
				"$(DERIVED_FILE_DIR)/Pods-opencv-test-main-checkManifestLockResult.txt",
			);
			runOnlyForDeploymentPostprocessing = 0;
			shellPath = /bin/sh;
			shellScript = "diff \"${PODS_PODFILE_DIR_PATH}/Podfile.lock\" \"${PODS_ROOT}/Manifest.lock\" > /dev/null\nif [ $? != 0 ] ; then\n    # print error to STDERR\n    echo \"error: The sandbox is not in sync with the Podfile.lock. Run 'pod install' or update your CocoaPods installation.\" >&2\n    exit 1\nfi\n# This output is used by Xcode 'outputs' to avoid re-running this script phase.\necho \"SUCCESS\" > \"${SCRIPT_OUTPUT_FILE_0}\"\n";
			showEnvVarsInLog = 0;
		};
		9C82524A3CC60A77F0453879 /* [CP-User] Run Flutter Build opencv_flutter Script */ = {
			isa = PBXShellScriptBuildPhase;
			buildActionMask = 2147483647;
			files = (
			);
			name = "[CP-User] Run Flutter Build opencv_flutter Script";
			runOnlyForDeploymentPostprocessing = 0;
			shellPath = /bin/sh;
			shellScript = "set -e\nset -u\nsource \"${SRCROOT}/../opencv_flutter/.ios/Flutter/flutter_export_environment.sh\"\nexport VERBOSE_SCRIPT_LOGGING=1 && \"$FLUTTER_ROOT\"/packages/flutter_tools/bin/xcode_backend.sh build";
		};
		F3B581C7F95F0BB5775B0F68 /* [CP] Embed Pods Frameworks */ = {
			isa = PBXShellScriptBuildPhase;
			buildActionMask = 2147483647;
			files = (
			);
			inputFileListPaths = (
				"${PODS_ROOT}/Target Support Files/Pods-opencv-test-main/Pods-opencv-test-main-frameworks-${CONFIGURATION}-input-files.xcfilelist",
			);
			name = "[CP] Embed Pods Frameworks";
			outputFileListPaths = (
				"${PODS_ROOT}/Target Support Files/Pods-opencv-test-main/Pods-opencv-test-main-frameworks-${CONFIGURATION}-output-files.xcfilelist",
			);
			runOnlyForDeploymentPostprocessing = 0;
			shellPath = /bin/sh;
			shellScript = "\"${PODS_ROOT}/Target Support Files/Pods-opencv-test-main/Pods-opencv-test-main-frameworks.sh\"\n";
			showEnvVarsInLog = 0;
		};
/* End PBXShellScriptBuildPhase section */

/* Begin PBXSourcesBuildPhase section */
		9454DF20297427E9001ED74C /* Sources */ = {
			isa = PBXSourcesBuildPhase;
			buildActionMask = 2147483647;
			files = (
				949F1F6C2988D3EB004B7C3C /* LoginViewController.swift in Sources */,
				949F1F6A2988D3AF004B7C3C /* RegisterViewController.swift in Sources */,
				949F1F6E2988D495004B7C3C /* ATPhoneNumberTextField.swift in Sources */,
				949F1F702988D4D2004B7C3C /* ATRoundRectTextField.swift in Sources */,
				9454DF2C297427E9001ED74C /* ViewController.swift in Sources */,
				9454DF28297427E9001ED74C /* AppDelegate.swift in Sources */,
			);
			runOnlyForDeploymentPostprocessing = 0;
		};
/* End PBXSourcesBuildPhase section */

/* Begin PBXVariantGroup section */
		9454DF2D297427E9001ED74C /* Main.storyboard */ = {
			isa = PBXVariantGroup;
			children = (
				9454DF2E297427E9001ED74C /* Base */,
			);
			name = Main.storyboard;
			sourceTree = "<group>";
		};
		9454DF32297427ED001ED74C /* LaunchScreen.storyboard */ = {
			isa = PBXVariantGroup;
			children = (
				9454DF33297427ED001ED74C /* Base */,
			);
			name = LaunchScreen.storyboard;
			sourceTree = "<group>";
		};
/* End PBXVariantGroup section */

/* Begin XCBuildConfiguration section */
		9454DF36297427ED001ED74C /* Debug */ = {
			isa = XCBuildConfiguration;
			buildSettings = {
				ALWAYS_SEARCH_USER_PATHS = NO;
				CLANG_ANALYZER_NONNULL = YES;
				CLANG_ANALYZER_NUMBER_OBJECT_CONVERSION = YES_AGGRESSIVE;
				CLANG_CXX_LANGUAGE_STANDARD = "gnu++17";
				CLANG_ENABLE_MODULES = YES;
				CLANG_ENABLE_OBJC_ARC = YES;
				CLANG_ENABLE_OBJC_WEAK = YES;
				CLANG_WARN_BLOCK_CAPTURE_AUTORELEASING = YES;
				CLANG_WARN_BOOL_CONVERSION = YES;
				CLANG_WARN_COMMA = YES;
				CLANG_WARN_CONSTANT_CONVERSION = YES;
				CLANG_WARN_DEPRECATED_OBJC_IMPLEMENTATIONS = YES;
				CLANG_WARN_DIRECT_OBJC_ISA_USAGE = YES_ERROR;
				CLANG_WARN_DOCUMENTATION_COMMENTS = YES;
				CLANG_WARN_EMPTY_BODY = YES;
				CLANG_WARN_ENUM_CONVERSION = YES;
				CLANG_WARN_INFINITE_RECURSION = YES;
				CLANG_WARN_INT_CONVERSION = YES;
				CLANG_WARN_NON_LITERAL_NULL_CONVERSION = YES;
				CLANG_WARN_OBJC_IMPLICIT_RETAIN_SELF = YES;
				CLANG_WARN_OBJC_LITERAL_CONVERSION = YES;
				CLANG_WARN_OBJC_ROOT_CLASS = YES_ERROR;
				CLANG_WARN_QUOTED_INCLUDE_IN_FRAMEWORK_HEADER = YES;
				CLANG_WARN_RANGE_LOOP_ANALYSIS = YES;
				CLANG_WARN_STRICT_PROTOTYPES = YES;
				CLANG_WARN_SUSPICIOUS_MOVE = YES;
				CLANG_WARN_UNGUARDED_AVAILABILITY = YES_AGGRESSIVE;
				CLANG_WARN_UNREACHABLE_CODE = YES;
				CLANG_WARN__DUPLICATE_METHOD_MATCH = YES;
				COPY_PHASE_STRIP = NO;
				DEBUG_INFORMATION_FORMAT = dwarf;
				ENABLE_STRICT_OBJC_MSGSEND = YES;
				ENABLE_TESTABILITY = YES;
				GCC_C_LANGUAGE_STANDARD = gnu11;
				GCC_DYNAMIC_NO_PIC = NO;
				GCC_NO_COMMON_BLOCKS = YES;
				GCC_OPTIMIZATION_LEVEL = 0;
				GCC_PREPROCESSOR_DEFINITIONS = (
					"DEBUG=1",
					"$(inherited)",
				);
				GCC_WARN_64_TO_32_BIT_CONVERSION = YES;
				GCC_WARN_ABOUT_RETURN_TYPE = YES_ERROR;
				GCC_WARN_UNDECLARED_SELECTOR = YES;
				GCC_WARN_UNINITIALIZED_AUTOS = YES_AGGRESSIVE;
				GCC_WARN_UNUSED_FUNCTION = YES;
				GCC_WARN_UNUSED_VARIABLE = YES;
				IPHONEOS_DEPLOYMENT_TARGET = 11.0;
				MTL_ENABLE_DEBUG_INFO = INCLUDE_SOURCE;
				MTL_FAST_MATH = YES;
				ONLY_ACTIVE_ARCH = YES;
				SDKROOT = iphoneos;
				SWIFT_ACTIVE_COMPILATION_CONDITIONS = DEBUG;
				SWIFT_OPTIMIZATION_LEVEL = "-Onone";
			};
			name = Debug;
		};
		9454DF37297427ED001ED74C /* Release */ = {
			isa = XCBuildConfiguration;
			buildSettings = {
				ALWAYS_SEARCH_USER_PATHS = NO;
				CLANG_ANALYZER_NONNULL = YES;
				CLANG_ANALYZER_NUMBER_OBJECT_CONVERSION = YES_AGGRESSIVE;
				CLANG_CXX_LANGUAGE_STANDARD = "gnu++17";
				CLANG_ENABLE_MODULES = YES;
				CLANG_ENABLE_OBJC_ARC = YES;
				CLANG_ENABLE_OBJC_WEAK = YES;
				CLANG_WARN_BLOCK_CAPTURE_AUTORELEASING = YES;
				CLANG_WARN_BOOL_CONVERSION = YES;
				CLANG_WARN_COMMA = YES;
				CLANG_WARN_CONSTANT_CONVERSION = YES;
				CLANG_WARN_DEPRECATED_OBJC_IMPLEMENTATIONS = YES;
				CLANG_WARN_DIRECT_OBJC_ISA_USAGE = YES_ERROR;
				CLANG_WARN_DOCUMENTATION_COMMENTS = YES;
				CLANG_WARN_EMPTY_BODY = YES;
				CLANG_WARN_ENUM_CONVERSION = YES;
				CLANG_WARN_INFINITE_RECURSION = YES;
				CLANG_WARN_INT_CONVERSION = YES;
				CLANG_WARN_NON_LITERAL_NULL_CONVERSION = YES;
				CLANG_WARN_OBJC_IMPLICIT_RETAIN_SELF = YES;
				CLANG_WARN_OBJC_LITERAL_CONVERSION = YES;
				CLANG_WARN_OBJC_ROOT_CLASS = YES_ERROR;
				CLANG_WARN_QUOTED_INCLUDE_IN_FRAMEWORK_HEADER = YES;
				CLANG_WARN_RANGE_LOOP_ANALYSIS = YES;
				CLANG_WARN_STRICT_PROTOTYPES = YES;
				CLANG_WARN_SUSPICIOUS_MOVE = YES;
				CLANG_WARN_UNGUARDED_AVAILABILITY = YES_AGGRESSIVE;
				CLANG_WARN_UNREACHABLE_CODE = YES;
				CLANG_WARN__DUPLICATE_METHOD_MATCH = YES;
				COPY_PHASE_STRIP = NO;
				DEBUG_INFORMATION_FORMAT = "dwarf-with-dsym";
				ENABLE_NS_ASSERTIONS = NO;
				ENABLE_STRICT_OBJC_MSGSEND = YES;
				GCC_C_LANGUAGE_STANDARD = gnu11;
				GCC_NO_COMMON_BLOCKS = YES;
				GCC_WARN_64_TO_32_BIT_CONVERSION = YES;
				GCC_WARN_ABOUT_RETURN_TYPE = YES_ERROR;
				GCC_WARN_UNDECLARED_SELECTOR = YES;
				GCC_WARN_UNINITIALIZED_AUTOS = YES_AGGRESSIVE;
				GCC_WARN_UNUSED_FUNCTION = YES;
				GCC_WARN_UNUSED_VARIABLE = YES;
				IPHONEOS_DEPLOYMENT_TARGET = 11.0;
				MTL_ENABLE_DEBUG_INFO = NO;
				MTL_FAST_MATH = YES;
				SDKROOT = iphoneos;
				SWIFT_COMPILATION_MODE = wholemodule;
				SWIFT_OPTIMIZATION_LEVEL = "-O";
				VALIDATE_PRODUCT = YES;
			};
			name = Release;
		};
		9454DF39297427ED001ED74C /* Debug */ = {
			isa = XCBuildConfiguration;
			baseConfigurationReference = C5D6E89686549EC957D10E96 /* Pods-opencv-test-main.debug.xcconfig */;
			buildSettings = {
				ASSETCATALOG_COMPILER_APPICON_NAME = AppIcon;
				ASSETCATALOG_COMPILER_GLOBAL_ACCENT_COLOR_NAME = AccentColor;
				CODE_SIGN_STYLE = Automatic;
				CURRENT_PROJECT_VERSION = 1;
				DEVELOPMENT_TEAM = 2Y9CV7298B;
				GENERATE_INFOPLIST_FILE = YES;
				INFOPLIST_FILE = "opencv-test-main/Info.plist";
				INFOPLIST_KEY_NSCameraUsageDescription = "kfz use camera";
				INFOPLIST_KEY_NSMicrophoneUsageDescription = "kfz use mmm";
				INFOPLIST_KEY_UIApplicationSupportsIndirectInputEvents = YES;
				INFOPLIST_KEY_UILaunchStoryboardName = LaunchScreen;
				INFOPLIST_KEY_UIMainStoryboardFile = Main;
				INFOPLIST_KEY_UISupportedInterfaceOrientations_iPad = "UIInterfaceOrientationPortrait UIInterfaceOrientationPortraitUpsideDown UIInterfaceOrientationLandscapeLeft UIInterfaceOrientationLandscapeRight";
				INFOPLIST_KEY_UISupportedInterfaceOrientations_iPhone = "UIInterfaceOrientationPortrait UIInterfaceOrientationLandscapeLeft UIInterfaceOrientationLandscapeRight";
				LD_RUNPATH_SEARCH_PATHS = (
					"$(inherited)",
					"@executable_path/Frameworks",
				);
				MARKETING_VERSION = 1.0;
				PRODUCT_BUNDLE_IDENTIFIER = "kfzzzzzz.opencv-test-kfz";
				PRODUCT_NAME = "$(TARGET_NAME)";
				SWIFT_EMIT_LOC_STRINGS = YES;
				SWIFT_VERSION = 5.0;
				TARGETED_DEVICE_FAMILY = "1,2";
			};
			name = Debug;
		};
		9454DF3A297427ED001ED74C /* Release */ = {
			isa = XCBuildConfiguration;
			baseConfigurationReference = 8C0EC5005C936EC007FB87BC /* Pods-opencv-test-main.release.xcconfig */;
			buildSettings = {
				ASSETCATALOG_COMPILER_APPICON_NAME = AppIcon;
				ASSETCATALOG_COMPILER_GLOBAL_ACCENT_COLOR_NAME = AccentColor;
				CODE_SIGN_STYLE = Automatic;
				CURRENT_PROJECT_VERSION = 1;
				DEVELOPMENT_TEAM = 2Y9CV7298B;
				GENERATE_INFOPLIST_FILE = YES;
				INFOPLIST_FILE = "opencv-test-main/Info.plist";
				INFOPLIST_KEY_NSCameraUsageDescription = "kfz use camera";
				INFOPLIST_KEY_NSMicrophoneUsageDescription = "kfz use mmm";
				INFOPLIST_KEY_UIApplicationSupportsIndirectInputEvents = YES;
				INFOPLIST_KEY_UILaunchStoryboardName = LaunchScreen;
				INFOPLIST_KEY_UIMainStoryboardFile = Main;
				INFOPLIST_KEY_UISupportedInterfaceOrientations_iPad = "UIInterfaceOrientationPortrait UIInterfaceOrientationPortraitUpsideDown UIInterfaceOrientationLandscapeLeft UIInterfaceOrientationLandscapeRight";
				INFOPLIST_KEY_UISupportedInterfaceOrientations_iPhone = "UIInterfaceOrientationPortrait UIInterfaceOrientationLandscapeLeft UIInterfaceOrientationLandscapeRight";
				LD_RUNPATH_SEARCH_PATHS = (
					"$(inherited)",
					"@executable_path/Frameworks",
				);
				MARKETING_VERSION = 1.0;
				PRODUCT_BUNDLE_IDENTIFIER = "kfzzzzzz.opencv-test-kfz";
				PRODUCT_NAME = "$(TARGET_NAME)";
				SWIFT_EMIT_LOC_STRINGS = YES;
				SWIFT_VERSION = 5.0;
				TARGETED_DEVICE_FAMILY = "1,2";
			};
			name = Release;
		};
/* End XCBuildConfiguration section */

/* Begin XCConfigurationList section */
		9454DF1F297427E9001ED74C /* Build configuration list for PBXProject "opencv-test-main" */ = {
			isa = XCConfigurationList;
			buildConfigurations = (
				9454DF36297427ED001ED74C /* Debug */,
				9454DF37297427ED001ED74C /* Release */,
			);
			defaultConfigurationIsVisible = 0;
			defaultConfigurationName = Release;
		};
		9454DF38297427ED001ED74C /* Build configuration list for PBXNativeTarget "opencv-test-main" */ = {
			isa = XCConfigurationList;
			buildConfigurations = (
				9454DF39297427ED001ED74C /* Debug */,
				9454DF3A297427ED001ED74C /* Release */,
			);
			defaultConfigurationIsVisible = 0;
			defaultConfigurationName = Release;
		};
/* End XCConfigurationList section */
	};
	rootObject = 9454DF1C297427E9001ED74C /* Project object */;
}
