// !$*UTF8*$!
{
	archiveVersion = 1;
	classes = {
	};
	objectVersion = 55;
	objects = {

/* Begin PBXBuildFile section */
		333C572ACB92E48E0EED2505 /* UserTest+Schema.swift in Sources */ = {isa = PBXBuildFile; fileRef = 86785B6E6FC10D4871C23FB3 /* UserTest+Schema.swift */; };
		5201D30E7416E73DAAE201D5 /* NewTestModel+Schema.swift in Sources */ = {isa = PBXBuildFile; fileRef = C62E1C4A3BDFF8026E51F924 /* NewTestModel+Schema.swift */; };
		5743BC82794ED17F6120B57B /* amplifyconfiguration.json in Resources */ = {isa = PBXBuildFile; fileRef = 295697E2C87A44F70FA2AED3 /* amplifyconfiguration.json */; };
		596FD858A8D660104A9C0ED3 /* awsconfiguration.json in Resources */ = {isa = PBXBuildFile; fileRef = 2A60A55614E1143F37DDA721 /* awsconfiguration.json */; };
		70379954304F70B87DC61DCC /* UserTest.swift in Sources */ = {isa = PBXBuildFile; fileRef = 675452D914CCD5DD26748EA7 /* UserTest.swift */; };
		72A27C74B6F31AB984183105 /* AmplifyModels.swift in Sources */ = {isa = PBXBuildFile; fileRef = 2A6042DFCB425E67CBB0CE4E /* AmplifyModels.swift */; };
		82FF718100E2AC7C3BB91CC2 /* Message+Schema.swift in Sources */ = {isa = PBXBuildFile; fileRef = 7C1C05697F54C16B3BB3FAD1 /* Message+Schema.swift */; };
		92D58397A5433AEA7A93E505 /* Message.swift in Sources */ = {isa = PBXBuildFile; fileRef = 5319F6E849EACC8001F009C9 /* Message.swift */; };
		942D249829D1767000C8223D /* FrontPageTableCell.swift in Sources */ = {isa = PBXBuildFile; fileRef = 942D249729D1767000C8223D /* FrontPageTableCell.swift */; };
		942D249B29D181AB00C8223D /* FrontPageViewModel.swift in Sources */ = {isa = PBXBuildFile; fileRef = 942D249A29D181AB00C8223D /* FrontPageViewModel.swift */; };
		942D249D29D194E900C8223D /* EmptyView.swift in Sources */ = {isa = PBXBuildFile; fileRef = 942D249C29D194E900C8223D /* EmptyView.swift */; };
		9454DF28297427E9001ED74C /* AppDelegate.swift in Sources */ = {isa = PBXBuildFile; fileRef = 9454DF27297427E9001ED74C /* AppDelegate.swift */; };
		9454DF2C297427E9001ED74C /* ViewController.swift in Sources */ = {isa = PBXBuildFile; fileRef = 9454DF2B297427E9001ED74C /* ViewController.swift */; };
		9454DF2F297427E9001ED74C /* Main.storyboard in Resources */ = {isa = PBXBuildFile; fileRef = 9454DF2D297427E9001ED74C /* Main.storyboard */; };
		9454DF31297427ED001ED74C /* Assets.xcassets in Resources */ = {isa = PBXBuildFile; fileRef = 9454DF30297427ED001ED74C /* Assets.xcassets */; };
		9454DF34297427ED001ED74C /* LaunchScreen.storyboard in Resources */ = {isa = PBXBuildFile; fileRef = 9454DF32297427ED001ED74C /* LaunchScreen.storyboard */; };
		948209E029A8585E009E42A9 /* FrontPageAvatarView.swift in Sources */ = {isa = PBXBuildFile; fileRef = 948209DF29A8585E009E42A9 /* FrontPageAvatarView.swift */; };
		948209E229A89223009E42A9 /* UIButton+enlarge.swift in Sources */ = {isa = PBXBuildFile; fileRef = 948209E129A89223009E42A9 /* UIButton+enlarge.swift */; };
		948209E729A894C4009E42A9 /* LeftProfileTableCell.swift in Sources */ = {isa = PBXBuildFile; fileRef = 948209E629A894C4009E42A9 /* LeftProfileTableCell.swift */; };
		948209EA29ACA2F4009E42A9 /* SettingViewController.swift in Sources */ = {isa = PBXBuildFile; fileRef = 948209E929ACA2F3009E42A9 /* SettingViewController.swift */; };
		948209EC29ACB100009E42A9 /* SettingPresentationController.swift in Sources */ = {isa = PBXBuildFile; fileRef = 948209EB29ACB100009E42A9 /* SettingPresentationController.swift */; };
		948209EE29AD9832009E42A9 /* UIViewController+Utils.swift in Sources */ = {isa = PBXBuildFile; fileRef = 948209ED29AD9832009E42A9 /* UIViewController+Utils.swift */; };
		948209F229ADFE8F009E42A9 /* messageView.swift in Sources */ = {isa = PBXBuildFile; fileRef = 948209F129ADFE8F009E42A9 /* messageView.swift */; };
		948209F529ADFF0D009E42A9 /* messageListCell.swift in Sources */ = {isa = PBXBuildFile; fileRef = 948209F429ADFF0D009E42A9 /* messageListCell.swift */; };
		948209F829ADFF46009E42A9 /* ChatViewController.swift in Sources */ = {isa = PBXBuildFile; fileRef = 948209F729ADFF46009E42A9 /* ChatViewController.swift */; };
		94989D3E299668BD00A084D3 /* MainTabBarController.swift in Sources */ = {isa = PBXBuildFile; fileRef = 94989D3D299668BD00A084D3 /* MainTabBarController.swift */; };
		94989D4329966E1F00A084D3 /* Utils+My.swift in Sources */ = {isa = PBXBuildFile; fileRef = 94989D4229966E1F00A084D3 /* Utils+My.swift */; };
		94989D442996718100A084D3 /* SmileySans-Oblique.ttf in Resources */ = {isa = PBXBuildFile; fileRef = 94989D4029966D3C00A084D3 /* SmileySans-Oblique.ttf */; };
		94989D462996734200A084D3 /* UIFont+Utils.swift in Sources */ = {isa = PBXBuildFile; fileRef = 94989D452996734200A084D3 /* UIFont+Utils.swift */; };
		949C197729AF2DCD00E57CAD /* UILable+Utils.swift in Sources */ = {isa = PBXBuildFile; fileRef = 949C197629AF2DCD00E57CAD /* UILable+Utils.swift */; };
		949C197A29AF4E1D00E57CAD /* ChatViewModel.swift in Sources */ = {isa = PBXBuildFile; fileRef = 949C197929AF4E1D00E57CAD /* ChatViewModel.swift */; };
		949F1F6A2988D3AF004B7C3C /* RegisterViewController.swift in Sources */ = {isa = PBXBuildFile; fileRef = 949F1F692988D3AF004B7C3C /* RegisterViewController.swift */; };
		949F1F6C2988D3EB004B7C3C /* LoginViewController.swift in Sources */ = {isa = PBXBuildFile; fileRef = 949F1F6B2988D3EB004B7C3C /* LoginViewController.swift */; };
		949F1F6E2988D495004B7C3C /* ATPhoneNumberTextField.swift in Sources */ = {isa = PBXBuildFile; fileRef = 949F1F6D2988D495004B7C3C /* ATPhoneNumberTextField.swift */; };
		949F1F702988D4D2004B7C3C /* ATRoundRectTextField.swift in Sources */ = {isa = PBXBuildFile; fileRef = 949F1F6F2988D4D1004B7C3C /* ATRoundRectTextField.swift */; };
		94A9C6F82996B4AD003B03CC /* UIColor+Utils.swift in Sources */ = {isa = PBXBuildFile; fileRef = 94A9C6F72996B4A8003B03CC /* UIColor+Utils.swift */; };
		94E360CD29A63DC1002C78A4 /* LoginDelegate.swift in Sources */ = {isa = PBXBuildFile; fileRef = 94E360CC29A63DC1002C78A4 /* LoginDelegate.swift */; };
		94E360CF29A77BB6002C78A4 /* LeftProfileViewController.swift in Sources */ = {isa = PBXBuildFile; fileRef = 94E360CE29A77BB6002C78A4 /* LeftProfileViewController.swift */; };
		94E360D329A78CF8002C78A4 /* LeftProfileShowAnimation.swift in Sources */ = {isa = PBXBuildFile; fileRef = 94E360D229A78CF8002C78A4 /* LeftProfileShowAnimation.swift */; };
		94E360D529A7930C002C78A4 /* LeftProfileDismissAnimation.swift in Sources */ = {isa = PBXBuildFile; fileRef = 94E360D429A7930C002C78A4 /* LeftProfileDismissAnimation.swift */; };
		94E84AA029C2F30500A2F3FB /* OpenAISwift in Frameworks */ = {isa = PBXBuildFile; productRef = 94E84A9F29C2F30500A2F3FB /* OpenAISwift */; };
		94E84AA329C2F4D300A2F3FB /* chatGPTManager.swift in Sources */ = {isa = PBXBuildFile; fileRef = 94E84AA229C2F4D300A2F3FB /* chatGPTManager.swift */; };
		94E84AA629C308D500A2F3FB /* chatGPTViewController.swift in Sources */ = {isa = PBXBuildFile; fileRef = 94E84AA529C308D500A2F3FB /* chatGPTViewController.swift */; };
		94E84AA829C30C3B00A2F3FB /* chatGPTTableCell.swift in Sources */ = {isa = PBXBuildFile; fileRef = 94E84AA729C30C3B00A2F3FB /* chatGPTTableCell.swift */; };
		94E9B8E929892E140058CCBD /* AccountManager.swift in Sources */ = {isa = PBXBuildFile; fileRef = 94E9B8E829892E140058CCBD /* AccountManager.swift */; };
		94E9B8EB29893AD70058CCBD /* UserDataModel.swift in Sources */ = {isa = PBXBuildFile; fileRef = 94E9B8EA29893AD70058CCBD /* UserDataModel.swift */; };
		94E9B8ED298A4D170058CCBD /* NoteTestController.swift in Sources */ = {isa = PBXBuildFile; fileRef = 94E9B8EC298A4D170058CCBD /* NoteTestController.swift */; };
		94EB89DD299F7E710003DAC4 /* FrontPageViewController.swift in Sources */ = {isa = PBXBuildFile; fileRef = 94EB89DC299F7E710003DAC4 /* FrontPageViewController.swift */; };
		C0C773BF8EEE8C7B215AC43A /* ChatRoom+Schema.swift in Sources */ = {isa = PBXBuildFile; fileRef = 2683A8E6D909C7937EA6F002 /* ChatRoom+Schema.swift */; };
		EFFC8651D080B16F8C9080A0 /* Pods_opencv_test_main.framework in Frameworks */ = {isa = PBXBuildFile; fileRef = FCD7DEDACDE68EB6A45BA70F /* Pods_opencv_test_main.framework */; };
		F3512B08206A5620836E0956 /* NewTestModel.swift in Sources */ = {isa = PBXBuildFile; fileRef = 3172B5725CE5CB6B57A724C4 /* NewTestModel.swift */; };
		FFCCCAC9103FFDE0C12C7C3E /* ChatRoom.swift in Sources */ = {isa = PBXBuildFile; fileRef = BEFDC2317741FEC25F8E3DCC /* ChatRoom.swift */; };
/* End PBXBuildFile section */

/* Begin PBXFileReference section */
		2683A8E6D909C7937EA6F002 /* ChatRoom+Schema.swift */ = {isa = PBXFileReference; explicitFileType = sourcecode.swift; name = "ChatRoom+Schema.swift"; path = "amplify/generated/models/ChatRoom+Schema.swift"; sourceTree = "<group>"; };
		295697E2C87A44F70FA2AED3 /* amplifyconfiguration.json */ = {isa = PBXFileReference; explicitFileType = text.json; path = amplifyconfiguration.json; sourceTree = "<group>"; };
		2A6042DFCB425E67CBB0CE4E /* AmplifyModels.swift */ = {isa = PBXFileReference; explicitFileType = sourcecode.swift; name = AmplifyModels.swift; path = amplify/generated/models/AmplifyModels.swift; sourceTree = "<group>"; };
		2A60A55614E1143F37DDA721 /* awsconfiguration.json */ = {isa = PBXFileReference; explicitFileType = text.json; path = awsconfiguration.json; sourceTree = "<group>"; };
		3172B5725CE5CB6B57A724C4 /* NewTestModel.swift */ = {isa = PBXFileReference; explicitFileType = sourcecode.swift; name = NewTestModel.swift; path = amplify/generated/models/NewTestModel.swift; sourceTree = "<group>"; };
		5319F6E849EACC8001F009C9 /* Message.swift */ = {isa = PBXFileReference; explicitFileType = sourcecode.swift; name = Message.swift; path = amplify/generated/models/Message.swift; sourceTree = "<group>"; };
		675452D914CCD5DD26748EA7 /* UserTest.swift */ = {isa = PBXFileReference; explicitFileType = sourcecode.swift; name = UserTest.swift; path = amplify/generated/models/UserTest.swift; sourceTree = "<group>"; };
		7C1C05697F54C16B3BB3FAD1 /* Message+Schema.swift */ = {isa = PBXFileReference; explicitFileType = sourcecode.swift; name = "Message+Schema.swift"; path = "amplify/generated/models/Message+Schema.swift"; sourceTree = "<group>"; };
		86785B6E6FC10D4871C23FB3 /* UserTest+Schema.swift */ = {isa = PBXFileReference; explicitFileType = sourcecode.swift; name = "UserTest+Schema.swift"; path = "amplify/generated/models/UserTest+Schema.swift"; sourceTree = "<group>"; };
		8C0EC5005C936EC007FB87BC /* Pods-opencv-test-main.release.xcconfig */ = {isa = PBXFileReference; includeInIndex = 1; lastKnownFileType = text.xcconfig; name = "Pods-opencv-test-main.release.xcconfig"; path = "Target Support Files/Pods-opencv-test-main/Pods-opencv-test-main.release.xcconfig"; sourceTree = "<group>"; };
		942D249729D1767000C8223D /* FrontPageTableCell.swift */ = {isa = PBXFileReference; lastKnownFileType = sourcecode.swift; path = FrontPageTableCell.swift; sourceTree = "<group>"; };
		942D249A29D181AB00C8223D /* FrontPageViewModel.swift */ = {isa = PBXFileReference; lastKnownFileType = sourcecode.swift; path = FrontPageViewModel.swift; sourceTree = "<group>"; };
		942D249C29D194E900C8223D /* EmptyView.swift */ = {isa = PBXFileReference; lastKnownFileType = sourcecode.swift; path = EmptyView.swift; sourceTree = "<group>"; };
		9454DF24297427E9001ED74C /* 心态兄弟.app */ = {isa = PBXFileReference; explicitFileType = wrapper.application; includeInIndex = 0; path = "心态兄弟.app"; sourceTree = BUILT_PRODUCTS_DIR; };
		9454DF27297427E9001ED74C /* AppDelegate.swift */ = {isa = PBXFileReference; lastKnownFileType = sourcecode.swift; path = AppDelegate.swift; sourceTree = "<group>"; };
		9454DF2B297427E9001ED74C /* ViewController.swift */ = {isa = PBXFileReference; lastKnownFileType = sourcecode.swift; path = ViewController.swift; sourceTree = "<group>"; };
		9454DF2E297427E9001ED74C /* Base */ = {isa = PBXFileReference; lastKnownFileType = file.storyboard; name = Base; path = Base.lproj/Main.storyboard; sourceTree = "<group>"; };
		9454DF30297427ED001ED74C /* Assets.xcassets */ = {isa = PBXFileReference; lastKnownFileType = folder.assetcatalog; path = Assets.xcassets; sourceTree = "<group>"; };
		9454DF33297427ED001ED74C /* Base */ = {isa = PBXFileReference; lastKnownFileType = file.storyboard; name = Base; path = Base.lproj/LaunchScreen.storyboard; sourceTree = "<group>"; };
		9454DF35297427ED001ED74C /* Info.plist */ = {isa = PBXFileReference; lastKnownFileType = text.plist.xml; path = Info.plist; sourceTree = "<group>"; };
		948209DF29A8585E009E42A9 /* FrontPageAvatarView.swift */ = {isa = PBXFileReference; lastKnownFileType = sourcecode.swift; path = FrontPageAvatarView.swift; sourceTree = "<group>"; };
		948209E129A89223009E42A9 /* UIButton+enlarge.swift */ = {isa = PBXFileReference; fileEncoding = 4; lastKnownFileType = sourcecode.swift; path = "UIButton+enlarge.swift"; sourceTree = "<group>"; };
		948209E629A894C4009E42A9 /* LeftProfileTableCell.swift */ = {isa = PBXFileReference; lastKnownFileType = sourcecode.swift; path = LeftProfileTableCell.swift; sourceTree = "<group>"; };
		948209E929ACA2F3009E42A9 /* SettingViewController.swift */ = {isa = PBXFileReference; lastKnownFileType = sourcecode.swift; path = SettingViewController.swift; sourceTree = "<group>"; };
		948209EB29ACB100009E42A9 /* SettingPresentationController.swift */ = {isa = PBXFileReference; lastKnownFileType = sourcecode.swift; path = SettingPresentationController.swift; sourceTree = "<group>"; };
		948209ED29AD9832009E42A9 /* UIViewController+Utils.swift */ = {isa = PBXFileReference; lastKnownFileType = sourcecode.swift; path = "UIViewController+Utils.swift"; sourceTree = "<group>"; };
		948209F129ADFE8F009E42A9 /* messageView.swift */ = {isa = PBXFileReference; lastKnownFileType = sourcecode.swift; path = messageView.swift; sourceTree = "<group>"; };
		948209F429ADFF0D009E42A9 /* messageListCell.swift */ = {isa = PBXFileReference; lastKnownFileType = sourcecode.swift; path = messageListCell.swift; sourceTree = "<group>"; };
		948209F729ADFF46009E42A9 /* ChatViewController.swift */ = {isa = PBXFileReference; lastKnownFileType = sourcecode.swift; path = ChatViewController.swift; sourceTree = "<group>"; };
		94989D3D299668BD00A084D3 /* MainTabBarController.swift */ = {isa = PBXFileReference; lastKnownFileType = sourcecode.swift; path = MainTabBarController.swift; sourceTree = "<group>"; };
		94989D4029966D3C00A084D3 /* SmileySans-Oblique.ttf */ = {isa = PBXFileReference; lastKnownFileType = file; path = "SmileySans-Oblique.ttf"; sourceTree = "<group>"; };
		94989D4229966E1F00A084D3 /* Utils+My.swift */ = {isa = PBXFileReference; lastKnownFileType = sourcecode.swift; path = "Utils+My.swift"; sourceTree = "<group>"; };
		94989D452996734200A084D3 /* UIFont+Utils.swift */ = {isa = PBXFileReference; lastKnownFileType = sourcecode.swift; path = "UIFont+Utils.swift"; sourceTree = "<group>"; };
		949C197629AF2DCD00E57CAD /* UILable+Utils.swift */ = {isa = PBXFileReference; lastKnownFileType = sourcecode.swift; path = "UILable+Utils.swift"; sourceTree = "<group>"; };
		949C197929AF4E1D00E57CAD /* ChatViewModel.swift */ = {isa = PBXFileReference; lastKnownFileType = sourcecode.swift; path = ChatViewModel.swift; sourceTree = "<group>"; };
		949F1F692988D3AF004B7C3C /* RegisterViewController.swift */ = {isa = PBXFileReference; fileEncoding = 4; lastKnownFileType = sourcecode.swift; path = RegisterViewController.swift; sourceTree = "<group>"; };
		949F1F6B2988D3EB004B7C3C /* LoginViewController.swift */ = {isa = PBXFileReference; fileEncoding = 4; lastKnownFileType = sourcecode.swift; path = LoginViewController.swift; sourceTree = "<group>"; };
		949F1F6D2988D495004B7C3C /* ATPhoneNumberTextField.swift */ = {isa = PBXFileReference; fileEncoding = 4; lastKnownFileType = sourcecode.swift; path = ATPhoneNumberTextField.swift; sourceTree = "<group>"; };
		949F1F6F2988D4D1004B7C3C /* ATRoundRectTextField.swift */ = {isa = PBXFileReference; fileEncoding = 4; lastKnownFileType = sourcecode.swift; path = ATRoundRectTextField.swift; sourceTree = "<group>"; };
		94A9C6F72996B4A8003B03CC /* UIColor+Utils.swift */ = {isa = PBXFileReference; lastKnownFileType = sourcecode.swift; path = "UIColor+Utils.swift"; sourceTree = "<group>"; };
		94E360CC29A63DC1002C78A4 /* LoginDelegate.swift */ = {isa = PBXFileReference; lastKnownFileType = sourcecode.swift; path = LoginDelegate.swift; sourceTree = "<group>"; };
		94E360CE29A77BB6002C78A4 /* LeftProfileViewController.swift */ = {isa = PBXFileReference; lastKnownFileType = sourcecode.swift; path = LeftProfileViewController.swift; sourceTree = "<group>"; };
		94E360D229A78CF8002C78A4 /* LeftProfileShowAnimation.swift */ = {isa = PBXFileReference; lastKnownFileType = sourcecode.swift; path = LeftProfileShowAnimation.swift; sourceTree = "<group>"; };
		94E360D429A7930C002C78A4 /* LeftProfileDismissAnimation.swift */ = {isa = PBXFileReference; lastKnownFileType = sourcecode.swift; path = LeftProfileDismissAnimation.swift; sourceTree = "<group>"; };
		94E84AA229C2F4D300A2F3FB /* chatGPTManager.swift */ = {isa = PBXFileReference; lastKnownFileType = sourcecode.swift; path = chatGPTManager.swift; sourceTree = "<group>"; };
		94E84AA529C308D500A2F3FB /* chatGPTViewController.swift */ = {isa = PBXFileReference; lastKnownFileType = sourcecode.swift; path = chatGPTViewController.swift; sourceTree = "<group>"; };
		94E84AA729C30C3B00A2F3FB /* chatGPTTableCell.swift */ = {isa = PBXFileReference; lastKnownFileType = sourcecode.swift; path = chatGPTTableCell.swift; sourceTree = "<group>"; };
		94E9B8E829892E140058CCBD /* AccountManager.swift */ = {isa = PBXFileReference; lastKnownFileType = sourcecode.swift; path = AccountManager.swift; sourceTree = "<group>"; };
		94E9B8EA29893AD70058CCBD /* UserDataModel.swift */ = {isa = PBXFileReference; lastKnownFileType = sourcecode.swift; path = UserDataModel.swift; sourceTree = "<group>"; };
		94E9B8EC298A4D170058CCBD /* NoteTestController.swift */ = {isa = PBXFileReference; lastKnownFileType = sourcecode.swift; path = NoteTestController.swift; sourceTree = "<group>"; };
		94EB89DC299F7E710003DAC4 /* FrontPageViewController.swift */ = {isa = PBXFileReference; lastKnownFileType = sourcecode.swift; path = FrontPageViewController.swift; sourceTree = "<group>"; };
		BEFDC2317741FEC25F8E3DCC /* ChatRoom.swift */ = {isa = PBXFileReference; explicitFileType = sourcecode.swift; name = ChatRoom.swift; path = amplify/generated/models/ChatRoom.swift; sourceTree = "<group>"; };
		C5D6E89686549EC957D10E96 /* Pods-opencv-test-main.debug.xcconfig */ = {isa = PBXFileReference; includeInIndex = 1; lastKnownFileType = text.xcconfig; name = "Pods-opencv-test-main.debug.xcconfig"; path = "Target Support Files/Pods-opencv-test-main/Pods-opencv-test-main.debug.xcconfig"; sourceTree = "<group>"; };
		C62E1C4A3BDFF8026E51F924 /* NewTestModel+Schema.swift */ = {isa = PBXFileReference; explicitFileType = sourcecode.swift; name = "NewTestModel+Schema.swift"; path = "amplify/generated/models/NewTestModel+Schema.swift"; sourceTree = "<group>"; };
		FCD7DEDACDE68EB6A45BA70F /* Pods_opencv_test_main.framework */ = {isa = PBXFileReference; explicitFileType = wrapper.framework; includeInIndex = 0; path = Pods_opencv_test_main.framework; sourceTree = BUILT_PRODUCTS_DIR; };
/* End PBXFileReference section */

/* Begin PBXFrameworksBuildPhase section */
		9454DF21297427E9001ED74C /* Frameworks */ = {
			isa = PBXFrameworksBuildPhase;
			buildActionMask = 2147483647;
			files = (
				94E84AA029C2F30500A2F3FB /* OpenAISwift in Frameworks */,
				EFFC8651D080B16F8C9080A0 /* Pods_opencv_test_main.framework in Frameworks */,
			);
			runOnlyForDeploymentPostprocessing = 0;
		};
/* End PBXFrameworksBuildPhase section */

/* Begin PBXGroup section */
		2D33E6AFFA292A0783A48BC4 /* Pods */ = {
			isa = PBXGroup;
			children = (
				C5D6E89686549EC957D10E96 /* Pods-opencv-test-main.debug.xcconfig */,
				8C0EC5005C936EC007FB87BC /* Pods-opencv-test-main.release.xcconfig */,
			);
			path = Pods;
			sourceTree = "<group>";
		};
		5DF497221C8FFBC0DF2A4015 /* AmplifyModels */ = {
			isa = PBXGroup;
			children = (
				2A6042DFCB425E67CBB0CE4E /* AmplifyModels.swift */,
				C62E1C4A3BDFF8026E51F924 /* NewTestModel+Schema.swift */,
				3172B5725CE5CB6B57A724C4 /* NewTestModel.swift */,
				86785B6E6FC10D4871C23FB3 /* UserTest+Schema.swift */,
				675452D914CCD5DD26748EA7 /* UserTest.swift */,
				2683A8E6D909C7937EA6F002 /* ChatRoom+Schema.swift */,
				BEFDC2317741FEC25F8E3DCC /* ChatRoom.swift */,
				7C1C05697F54C16B3BB3FAD1 /* Message+Schema.swift */,
				5319F6E849EACC8001F009C9 /* Message.swift */,
			);
			name = AmplifyModels;
			sourceTree = "<group>";
		};
		6BF527C53D0332E6D88E2A6D /* AmplifyConfig */ = {
			isa = PBXGroup;
			children = (
				2A60A55614E1143F37DDA721 /* awsconfiguration.json */,
				295697E2C87A44F70FA2AED3 /* amplifyconfiguration.json */,
			);
			name = AmplifyConfig;
			sourceTree = "<group>";
		};
		942D249929D1819500C8223D /* ViewModel */ = {
			isa = PBXGroup;
			children = (
				942D249A29D181AB00C8223D /* FrontPageViewModel.swift */,
			);
			path = ViewModel;
			sourceTree = "<group>";
		};
		9454DF1B297427E9001ED74C = {
			isa = PBXGroup;
			children = (
				9454DF26297427E9001ED74C /* opencv-test-main */,
				9454DF25297427E9001ED74C /* Products */,
				2D33E6AFFA292A0783A48BC4 /* Pods */,
				B4AE537909234A1D08F60E96 /* Frameworks */,
				6BF527C53D0332E6D88E2A6D /* AmplifyConfig */,
				5DF497221C8FFBC0DF2A4015 /* AmplifyModels */,
			);
			sourceTree = "<group>";
		};
		9454DF25297427E9001ED74C /* Products */ = {
			isa = PBXGroup;
			children = (
				9454DF24297427E9001ED74C /* 心态兄弟.app */,
			);
			name = Products;
			sourceTree = "<group>";
		};
		9454DF26297427E9001ED74C /* opencv-test-main */ = {
			isa = PBXGroup;
			children = (
				9454DF27297427E9001ED74C /* AppDelegate.swift */,
				9454DF2B297427E9001ED74C /* ViewController.swift */,
				94E9B8EC298A4D170058CCBD /* NoteTestController.swift */,
				9454DF2D297427E9001ED74C /* Main.storyboard */,
				9454DF30297427ED001ED74C /* Assets.xcassets */,
				9454DF32297427ED001ED74C /* LaunchScreen.storyboard */,
				9454DF35297427ED001ED74C /* Info.plist */,
				94E84AA129C2F4AB00A2F3FB /* chatGPT */,
				948209EF29ADFE59009E42A9 /* chatting */,
				948209E829ACA180009E42A9 /* Setting */,
				94EB89DB299F7A230003DAC4 /* FrontPage */,
				94989D3829965F2D00A084D3 /* Tabbar */,
				94E9B8E729892DF80058CCBD /* Amplify */,
				949F1F71298904FE004B7C3C /* login */,
				94989D4129966E0900A084D3 /* utils */,
				94989D3F29966D1E00A084D3 /* Font */,
			);
			path = "opencv-test-main";
			sourceTree = "<group>";
		};
		948209DE29A85836009E42A9 /* view */ = {
			isa = PBXGroup;
			children = (
				948209DF29A8585E009E42A9 /* FrontPageAvatarView.swift */,
				942D249C29D194E900C8223D /* EmptyView.swift */,
			);
			path = view;
			sourceTree = "<group>";
		};
		948209E329A89396009E42A9 /* cell */ = {
			isa = PBXGroup;
			children = (
				948209E629A894C4009E42A9 /* LeftProfileTableCell.swift */,
				942D249729D1767000C8223D /* FrontPageTableCell.swift */,
			);
			path = cell;
			sourceTree = "<group>";
		};
		948209E429A893A2009E42A9 /* Animation */ = {
			isa = PBXGroup;
			children = (
				94E360D229A78CF8002C78A4 /* LeftProfileShowAnimation.swift */,
				94E360D429A7930C002C78A4 /* LeftProfileDismissAnimation.swift */,
			);
			path = Animation;
			sourceTree = "<group>";
		};
		948209E529A893B2009E42A9 /* Controller */ = {
			isa = PBXGroup;
			children = (
				94EB89DC299F7E710003DAC4 /* FrontPageViewController.swift */,
				94E360CE29A77BB6002C78A4 /* LeftProfileViewController.swift */,
			);
			path = Controller;
			sourceTree = "<group>";
		};
		948209E829ACA180009E42A9 /* Setting */ = {
			isa = PBXGroup;
			children = (
				948209E929ACA2F3009E42A9 /* SettingViewController.swift */,
				948209EB29ACB100009E42A9 /* SettingPresentationController.swift */,
			);
			path = Setting;
			sourceTree = "<group>";
		};
		948209EF29ADFE59009E42A9 /* chatting */ = {
			isa = PBXGroup;
			children = (
				949C197829AF4DFC00E57CAD /* ViewModel */,
				948209F629ADFF28009E42A9 /* Controller */,
				948209F329ADFEF6009E42A9 /* cell */,
				948209F029ADFE78009E42A9 /* view */,
			);
			path = chatting;
			sourceTree = "<group>";
		};
		948209F029ADFE78009E42A9 /* view */ = {
			isa = PBXGroup;
			children = (
				948209F129ADFE8F009E42A9 /* messageView.swift */,
			);
			path = view;
			sourceTree = "<group>";
		};
		948209F329ADFEF6009E42A9 /* cell */ = {
			isa = PBXGroup;
			children = (
				948209F429ADFF0D009E42A9 /* messageListCell.swift */,
			);
			path = cell;
			sourceTree = "<group>";
		};
		948209F629ADFF28009E42A9 /* Controller */ = {
			isa = PBXGroup;
			children = (
				948209F729ADFF46009E42A9 /* ChatViewController.swift */,
			);
			path = Controller;
			sourceTree = "<group>";
		};
		94989D3829965F2D00A084D3 /* Tabbar */ = {
			isa = PBXGroup;
			children = (
				94989D3D299668BD00A084D3 /* MainTabBarController.swift */,
			);
			path = Tabbar;
			sourceTree = "<group>";
		};
		94989D3F29966D1E00A084D3 /* Font */ = {
			isa = PBXGroup;
			children = (
				94989D4029966D3C00A084D3 /* SmileySans-Oblique.ttf */,
			);
			path = Font;
			sourceTree = "<group>";
		};
		94989D4129966E0900A084D3 /* utils */ = {
			isa = PBXGroup;
			children = (
				94989D4229966E1F00A084D3 /* Utils+My.swift */,
				948209E129A89223009E42A9 /* UIButton+enlarge.swift */,
				94989D452996734200A084D3 /* UIFont+Utils.swift */,
				94A9C6F72996B4A8003B03CC /* UIColor+Utils.swift */,
				948209ED29AD9832009E42A9 /* UIViewController+Utils.swift */,
				949C197629AF2DCD00E57CAD /* UILable+Utils.swift */,
			);
			path = utils;
			sourceTree = "<group>";
		};
		949C197829AF4DFC00E57CAD /* ViewModel */ = {
			isa = PBXGroup;
			children = (
				949C197929AF4E1D00E57CAD /* ChatViewModel.swift */,
			);
			path = ViewModel;
			sourceTree = "<group>";
		};
		949F1F71298904FE004B7C3C /* login */ = {
			isa = PBXGroup;
			children = (
				949F1F6B2988D3EB004B7C3C /* LoginViewController.swift */,
				949F1F6F2988D4D1004B7C3C /* ATRoundRectTextField.swift */,
				949F1F6D2988D495004B7C3C /* ATPhoneNumberTextField.swift */,
				949F1F692988D3AF004B7C3C /* RegisterViewController.swift */,
			);
			path = login;
			sourceTree = "<group>";
		};
		94E84AA129C2F4AB00A2F3FB /* chatGPT */ = {
			isa = PBXGroup;
			children = (
				94E84AA229C2F4D300A2F3FB /* chatGPTManager.swift */,
				94E84AA529C308D500A2F3FB /* chatGPTViewController.swift */,
				94E84AA729C30C3B00A2F3FB /* chatGPTTableCell.swift */,
			);
			path = chatGPT;
			sourceTree = "<group>";
		};
		94E9B8E729892DF80058CCBD /* Amplify */ = {
			isa = PBXGroup;
			children = (
				94E9B8E829892E140058CCBD /* AccountManager.swift */,
				94E9B8EA29893AD70058CCBD /* UserDataModel.swift */,
				94E360CC29A63DC1002C78A4 /* LoginDelegate.swift */,
			);
			path = Amplify;
			sourceTree = "<group>";
		};
		94EB89DB299F7A230003DAC4 /* FrontPage */ = {
			isa = PBXGroup;
			children = (
				942D249929D1819500C8223D /* ViewModel */,
				948209E429A893A2009E42A9 /* Animation */,
				948209E329A89396009E42A9 /* cell */,
				948209DE29A85836009E42A9 /* view */,
				948209E529A893B2009E42A9 /* Controller */,
			);
			path = FrontPage;
			sourceTree = "<group>";
		};
		B4AE537909234A1D08F60E96 /* Frameworks */ = {
			isa = PBXGroup;
			children = (
				FCD7DEDACDE68EB6A45BA70F /* Pods_opencv_test_main.framework */,
			);
			name = Frameworks;
			sourceTree = "<group>";
		};
/* End PBXGroup section */

/* Begin PBXNativeTarget section */
		9454DF23297427E9001ED74C /* opencv-test-main */ = {
			isa = PBXNativeTarget;
			buildConfigurationList = 9454DF38297427ED001ED74C /* Build configuration list for PBXNativeTarget "opencv-test-main" */;
			buildPhases = (
				881A3F978B84BAA28D6B1A4B /* [CP] Check Pods Manifest.lock */,
				2EEBDC47855B47F7E02EA9F6 /* [CP-User] Run Flutter Build opencv_flutter Script */,
				9454DF20297427E9001ED74C /* Sources */,
				9454DF21297427E9001ED74C /* Frameworks */,
				9454DF22297427E9001ED74C /* Resources */,
				F3B581C7F95F0BB5775B0F68 /* [CP] Embed Pods Frameworks */,
				3A1B53E7F33DB33AF71A84BD /* [CP-User] Embed Flutter Build opencv_flutter Script */,
			);
			buildRules = (
			);
			dependencies = (
			);
			name = "opencv-test-main";
			packageProductDependencies = (
				94E84A9F29C2F30500A2F3FB /* OpenAISwift */,
			);
			productName = "opencv-test-main";
			productReference = 9454DF24297427E9001ED74C /* 心态兄弟.app */;
			productType = "com.apple.product-type.application";
		};
/* End PBXNativeTarget section */

/* Begin PBXProject section */
		9454DF1C297427E9001ED74C /* Project object */ = {
			isa = PBXProject;
			attributes = {
				BuildIndependentTargetsInParallel = 1;
				LastSwiftUpdateCheck = 1340;
				LastUpgradeCheck = 1340;
				TargetAttributes = {
					9454DF23297427E9001ED74C = {
						CreatedOnToolsVersion = 13.4.1;
					};
				};
			};
			buildConfigurationList = 9454DF1F297427E9001ED74C /* Build configuration list for PBXProject "opencv-test-main" */;
			compatibilityVersion = "Xcode 13.0";
			developmentRegion = en;
			hasScannedForEncodings = 0;
			knownRegions = (
				en,
				Base,
			);
			mainGroup = 9454DF1B297427E9001ED74C;
			packageReferences = (
				94E84A9E29C2F30500A2F3FB /* XCRemoteSwiftPackageReference "OpenAISwift" */,
			);
			productRefGroup = 9454DF25297427E9001ED74C /* Products */;
			projectDirPath = "";
			projectRoot = "";
			targets = (
				9454DF23297427E9001ED74C /* opencv-test-main */,
			);
		};
/* End PBXProject section */

/* Begin PBXResourcesBuildPhase section */
		9454DF22297427E9001ED74C /* Resources */ = {
			isa = PBXResourcesBuildPhase;
			buildActionMask = 2147483647;
			files = (
				94989D442996718100A084D3 /* SmileySans-Oblique.ttf in Resources */,
				9454DF34297427ED001ED74C /* LaunchScreen.storyboard in Resources */,
				9454DF31297427ED001ED74C /* Assets.xcassets in Resources */,
				9454DF2F297427E9001ED74C /* Main.storyboard in Resources */,
				596FD858A8D660104A9C0ED3 /* awsconfiguration.json in Resources */,
				5743BC82794ED17F6120B57B /* amplifyconfiguration.json in Resources */,
			);
			runOnlyForDeploymentPostprocessing = 0;
		};
/* End PBXResourcesBuildPhase section */

/* Begin PBXShellScriptBuildPhase section */
		2EEBDC47855B47F7E02EA9F6 /* [CP-User] Run Flutter Build opencv_flutter Script */ = {
			isa = PBXShellScriptBuildPhase;
			buildActionMask = 2147483647;
			files = (
			);
			name = "[CP-User] Run Flutter Build opencv_flutter Script";
			runOnlyForDeploymentPostprocessing = 0;
			shellPath = /bin/sh;
			shellScript = "set -e\nset -u\nsource \"${SRCROOT}/../opencv_flutter/.ios/Flutter/flutter_export_environment.sh\"\nexport VERBOSE_SCRIPT_LOGGING=1 && \"$FLUTTER_ROOT\"/packages/flutter_tools/bin/xcode_backend.sh build";
		};
		3A1B53E7F33DB33AF71A84BD /* [CP-User] Embed Flutter Build opencv_flutter Script */ = {
			isa = PBXShellScriptBuildPhase;
			buildActionMask = 2147483647;
			files = (
			);
			name = "[CP-User] Embed Flutter Build opencv_flutter Script";
			runOnlyForDeploymentPostprocessing = 0;
			shellPath = /bin/sh;
			shellScript = "set -e\nset -u\nsource \"${SRCROOT}/../opencv_flutter/.ios/Flutter/flutter_export_environment.sh\"\nexport VERBOSE_SCRIPT_LOGGING=1 && \"$FLUTTER_ROOT\"/packages/flutter_tools/bin/xcode_backend.sh embed_and_thin";
		};
		881A3F978B84BAA28D6B1A4B /* [CP] Check Pods Manifest.lock */ = {
			isa = PBXShellScriptBuildPhase;
			buildActionMask = 2147483647;
			files = (
			);
			inputFileListPaths = (
			);
			inputPaths = (
				"${PODS_PODFILE_DIR_PATH}/Podfile.lock",
				"${PODS_ROOT}/Manifest.lock",
			);
			name = "[CP] Check Pods Manifest.lock";
			outputFileListPaths = (
			);
			outputPaths = (
				"$(DERIVED_FILE_DIR)/Pods-opencv-test-main-checkManifestLockResult.txt",
			);
			runOnlyForDeploymentPostprocessing = 0;
			shellPath = /bin/sh;
			shellScript = "diff \"${PODS_PODFILE_DIR_PATH}/Podfile.lock\" \"${PODS_ROOT}/Manifest.lock\" > /dev/null\nif [ $? != 0 ] ; then\n    # print error to STDERR\n    echo \"error: The sandbox is not in sync with the Podfile.lock. Run 'pod install' or update your CocoaPods installation.\" >&2\n    exit 1\nfi\n# This output is used by Xcode 'outputs' to avoid re-running this script phase.\necho \"SUCCESS\" > \"${SCRIPT_OUTPUT_FILE_0}\"\n";
			showEnvVarsInLog = 0;
		};
		F3B581C7F95F0BB5775B0F68 /* [CP] Embed Pods Frameworks */ = {
			isa = PBXShellScriptBuildPhase;
			buildActionMask = 2147483647;
			files = (
			);
			inputFileListPaths = (
				"${PODS_ROOT}/Target Support Files/Pods-opencv-test-main/Pods-opencv-test-main-frameworks-${CONFIGURATION}-input-files.xcfilelist",
			);
			name = "[CP] Embed Pods Frameworks";
			outputFileListPaths = (
				"${PODS_ROOT}/Target Support Files/Pods-opencv-test-main/Pods-opencv-test-main-frameworks-${CONFIGURATION}-output-files.xcfilelist",
			);
			runOnlyForDeploymentPostprocessing = 0;
			shellPath = /bin/sh;
			shellScript = "\"${PODS_ROOT}/Target Support Files/Pods-opencv-test-main/Pods-opencv-test-main-frameworks.sh\"\n";
			showEnvVarsInLog = 0;
		};
/* End PBXShellScriptBuildPhase section */

/* Begin PBXSourcesBuildPhase section */
		9454DF20297427E9001ED74C /* Sources */ = {
			isa = PBXSourcesBuildPhase;
			buildActionMask = 2147483647;
			files = (
				94E9B8EB29893AD70058CCBD /* UserDataModel.swift in Sources */,
				949F1F6C2988D3EB004B7C3C /* LoginViewController.swift in Sources */,
				949F1F6A2988D3AF004B7C3C /* RegisterViewController.swift in Sources */,
				94E84AA629C308D500A2F3FB /* chatGPTViewController.swift in Sources */,
				94E360CD29A63DC1002C78A4 /* LoginDelegate.swift in Sources */,
				949F1F6E2988D495004B7C3C /* ATPhoneNumberTextField.swift in Sources */,
				948209EA29ACA2F4009E42A9 /* SettingViewController.swift in Sources */,
				948209E029A8585E009E42A9 /* FrontPageAvatarView.swift in Sources */,
				949F1F702988D4D2004B7C3C /* ATRoundRectTextField.swift in Sources */,
				949C197729AF2DCD00E57CAD /* UILable+Utils.swift in Sources */,
				94EB89DD299F7E710003DAC4 /* FrontPageViewController.swift in Sources */,
				94E9B8ED298A4D170058CCBD /* NoteTestController.swift in Sources */,
				94E84AA829C30C3B00A2F3FB /* chatGPTTableCell.swift in Sources */,
				9454DF2C297427E9001ED74C /* ViewController.swift in Sources */,
				94E9B8E929892E140058CCBD /* AccountManager.swift in Sources */,
				9454DF28297427E9001ED74C /* AppDelegate.swift in Sources */,
				948209E729A894C4009E42A9 /* LeftProfileTableCell.swift in Sources */,
				948209EE29AD9832009E42A9 /* UIViewController+Utils.swift in Sources */,
				72A27C74B6F31AB984183105 /* AmplifyModels.swift in Sources */,
				948209EC29ACB100009E42A9 /* SettingPresentationController.swift in Sources */,
				94E360D329A78CF8002C78A4 /* LeftProfileShowAnimation.swift in Sources */,
				948209E229A89223009E42A9 /* UIButton+enlarge.swift in Sources */,
				94989D4329966E1F00A084D3 /* Utils+My.swift in Sources */,
				948209F829ADFF46009E42A9 /* ChatViewController.swift in Sources */,
				948209F529ADFF0D009E42A9 /* messageListCell.swift in Sources */,
				94A9C6F82996B4AD003B03CC /* UIColor+Utils.swift in Sources */,
				94989D462996734200A084D3 /* UIFont+Utils.swift in Sources */,
				5201D30E7416E73DAAE201D5 /* NewTestModel+Schema.swift in Sources */,
				F3512B08206A5620836E0956 /* NewTestModel.swift in Sources */,
				94989D3E299668BD00A084D3 /* MainTabBarController.swift in Sources */,
				94E360CF29A77BB6002C78A4 /* LeftProfileViewController.swift in Sources */,
				942D249829D1767000C8223D /* FrontPageTableCell.swift in Sources */,
				333C572ACB92E48E0EED2505 /* UserTest+Schema.swift in Sources */,
				94E360D529A7930C002C78A4 /* LeftProfileDismissAnimation.swift in Sources */,
				70379954304F70B87DC61DCC /* UserTest.swift in Sources */,
				C0C773BF8EEE8C7B215AC43A /* ChatRoom+Schema.swift in Sources */,
				FFCCCAC9103FFDE0C12C7C3E /* ChatRoom.swift in Sources */,
				82FF718100E2AC7C3BB91CC2 /* Message+Schema.swift in Sources */,
				92D58397A5433AEA7A93E505 /* Message.swift in Sources */,
				94E84AA329C2F4D300A2F3FB /* chatGPTManager.swift in Sources */,
				949C197A29AF4E1D00E57CAD /* ChatViewModel.swift in Sources */,
				948209F229ADFE8F009E42A9 /* messageView.swift in Sources */,
				942D249B29D181AB00C8223D /* FrontPageViewModel.swift in Sources */,
				942D249D29D194E900C8223D /* EmptyView.swift in Sources */,
			);
			runOnlyForDeploymentPostprocessing = 0;
		};
/* End PBXSourcesBuildPhase section */

/* Begin PBXVariantGroup section */
		9454DF2D297427E9001ED74C /* Main.storyboard */ = {
			isa = PBXVariantGroup;
			children = (
				9454DF2E297427E9001ED74C /* Base */,
			);
			name = Main.storyboard;
			sourceTree = "<group>";
		};
		9454DF32297427ED001ED74C /* LaunchScreen.storyboard */ = {
			isa = PBXVariantGroup;
			children = (
				9454DF33297427ED001ED74C /* Base */,
			);
			name = LaunchScreen.storyboard;
			sourceTree = "<group>";
		};
/* End PBXVariantGroup section */

/* Begin XCBuildConfiguration section */
		9454DF36297427ED001ED74C /* Debug */ = {
			isa = XCBuildConfiguration;
			buildSettings = {
				ALWAYS_SEARCH_USER_PATHS = NO;
				CLANG_ANALYZER_NONNULL = YES;
				CLANG_ANALYZER_NUMBER_OBJECT_CONVERSION = YES_AGGRESSIVE;
				CLANG_CXX_LANGUAGE_STANDARD = "gnu++17";
				CLANG_ENABLE_MODULES = YES;
				CLANG_ENABLE_OBJC_ARC = YES;
				CLANG_ENABLE_OBJC_WEAK = YES;
				CLANG_WARN_BLOCK_CAPTURE_AUTORELEASING = YES;
				CLANG_WARN_BOOL_CONVERSION = YES;
				CLANG_WARN_COMMA = YES;
				CLANG_WARN_CONSTANT_CONVERSION = YES;
				CLANG_WARN_DEPRECATED_OBJC_IMPLEMENTATIONS = YES;
				CLANG_WARN_DIRECT_OBJC_ISA_USAGE = YES_ERROR;
				CLANG_WARN_DOCUMENTATION_COMMENTS = YES;
				CLANG_WARN_EMPTY_BODY = YES;
				CLANG_WARN_ENUM_CONVERSION = YES;
				CLANG_WARN_INFINITE_RECURSION = YES;
				CLANG_WARN_INT_CONVERSION = YES;
				CLANG_WARN_NON_LITERAL_NULL_CONVERSION = YES;
				CLANG_WARN_OBJC_IMPLICIT_RETAIN_SELF = YES;
				CLANG_WARN_OBJC_LITERAL_CONVERSION = YES;
				CLANG_WARN_OBJC_ROOT_CLASS = YES_ERROR;
				CLANG_WARN_QUOTED_INCLUDE_IN_FRAMEWORK_HEADER = YES;
				CLANG_WARN_RANGE_LOOP_ANALYSIS = YES;
				CLANG_WARN_STRICT_PROTOTYPES = YES;
				CLANG_WARN_SUSPICIOUS_MOVE = YES;
				CLANG_WARN_UNGUARDED_AVAILABILITY = YES_AGGRESSIVE;
				CLANG_WARN_UNREACHABLE_CODE = YES;
				CLANG_WARN__DUPLICATE_METHOD_MATCH = YES;
				COPY_PHASE_STRIP = NO;
				DEBUG_INFORMATION_FORMAT = dwarf;
				ENABLE_STRICT_OBJC_MSGSEND = YES;
				ENABLE_TESTABILITY = YES;
				GCC_C_LANGUAGE_STANDARD = gnu11;
				GCC_DYNAMIC_NO_PIC = NO;
				GCC_NO_COMMON_BLOCKS = YES;
				GCC_OPTIMIZATION_LEVEL = 0;
				GCC_PREPROCESSOR_DEFINITIONS = (
					"DEBUG=1",
					"$(inherited)",
				);
				GCC_WARN_64_TO_32_BIT_CONVERSION = YES;
				GCC_WARN_ABOUT_RETURN_TYPE = YES_ERROR;
				GCC_WARN_UNDECLARED_SELECTOR = YES;
				GCC_WARN_UNINITIALIZED_AUTOS = YES_AGGRESSIVE;
				GCC_WARN_UNUSED_FUNCTION = YES;
				GCC_WARN_UNUSED_VARIABLE = YES;
				IPHONEOS_DEPLOYMENT_TARGET = 13.0;
				MTL_ENABLE_DEBUG_INFO = INCLUDE_SOURCE;
				MTL_FAST_MATH = YES;
				ONLY_ACTIVE_ARCH = YES;
				SDKROOT = iphoneos;
				SWIFT_ACTIVE_COMPILATION_CONDITIONS = DEBUG;
				SWIFT_OPTIMIZATION_LEVEL = "-Onone";
			};
			name = Debug;
		};
		9454DF37297427ED001ED74C /* Release */ = {
			isa = XCBuildConfiguration;
			buildSettings = {
				ALWAYS_SEARCH_USER_PATHS = NO;
				CLANG_ANALYZER_NONNULL = YES;
				CLANG_ANALYZER_NUMBER_OBJECT_CONVERSION = YES_AGGRESSIVE;
				CLANG_CXX_LANGUAGE_STANDARD = "gnu++17";
				CLANG_ENABLE_MODULES = YES;
				CLANG_ENABLE_OBJC_ARC = YES;
				CLANG_ENABLE_OBJC_WEAK = YES;
				CLANG_WARN_BLOCK_CAPTURE_AUTORELEASING = YES;
				CLANG_WARN_BOOL_CONVERSION = YES;
				CLANG_WARN_COMMA = YES;
				CLANG_WARN_CONSTANT_CONVERSION = YES;
				CLANG_WARN_DEPRECATED_OBJC_IMPLEMENTATIONS = YES;
				CLANG_WARN_DIRECT_OBJC_ISA_USAGE = YES_ERROR;
				CLANG_WARN_DOCUMENTATION_COMMENTS = YES;
				CLANG_WARN_EMPTY_BODY = YES;
				CLANG_WARN_ENUM_CONVERSION = YES;
				CLANG_WARN_INFINITE_RECURSION = YES;
				CLANG_WARN_INT_CONVERSION = YES;
				CLANG_WARN_NON_LITERAL_NULL_CONVERSION = YES;
				CLANG_WARN_OBJC_IMPLICIT_RETAIN_SELF = YES;
				CLANG_WARN_OBJC_LITERAL_CONVERSION = YES;
				CLANG_WARN_OBJC_ROOT_CLASS = YES_ERROR;
				CLANG_WARN_QUOTED_INCLUDE_IN_FRAMEWORK_HEADER = YES;
				CLANG_WARN_RANGE_LOOP_ANALYSIS = YES;
				CLANG_WARN_STRICT_PROTOTYPES = YES;
				CLANG_WARN_SUSPICIOUS_MOVE = YES;
				CLANG_WARN_UNGUARDED_AVAILABILITY = YES_AGGRESSIVE;
				CLANG_WARN_UNREACHABLE_CODE = YES;
				CLANG_WARN__DUPLICATE_METHOD_MATCH = YES;
				COPY_PHASE_STRIP = NO;
				DEBUG_INFORMATION_FORMAT = "dwarf-with-dsym";
				ENABLE_NS_ASSERTIONS = NO;
				ENABLE_STRICT_OBJC_MSGSEND = YES;
				GCC_C_LANGUAGE_STANDARD = gnu11;
				GCC_NO_COMMON_BLOCKS = YES;
				GCC_WARN_64_TO_32_BIT_CONVERSION = YES;
				GCC_WARN_ABOUT_RETURN_TYPE = YES_ERROR;
				GCC_WARN_UNDECLARED_SELECTOR = YES;
				GCC_WARN_UNINITIALIZED_AUTOS = YES_AGGRESSIVE;
				GCC_WARN_UNUSED_FUNCTION = YES;
				GCC_WARN_UNUSED_VARIABLE = YES;
				IPHONEOS_DEPLOYMENT_TARGET = 13.0;
				MTL_ENABLE_DEBUG_INFO = NO;
				MTL_FAST_MATH = YES;
				SDKROOT = iphoneos;
				SWIFT_COMPILATION_MODE = wholemodule;
				SWIFT_OPTIMIZATION_LEVEL = "-O";
				VALIDATE_PRODUCT = YES;
			};
			name = Release;
		};
		9454DF39297427ED001ED74C /* Debug */ = {
			isa = XCBuildConfiguration;
			baseConfigurationReference = C5D6E89686549EC957D10E96 /* Pods-opencv-test-main.debug.xcconfig */;
			buildSettings = {
				ASSETCATALOG_COMPILER_APPICON_NAME = AppIcon;
				ASSETCATALOG_COMPILER_GLOBAL_ACCENT_COLOR_NAME = AccentColor;
				CODE_SIGN_STYLE = Automatic;
				CURRENT_PROJECT_VERSION = 2;
				DEVELOPMENT_TEAM = 2Y9CV7298B;
				GENERATE_INFOPLIST_FILE = YES;
				INFOPLIST_FILE = "opencv-test-main/Info.plist";
				INFOPLIST_KEY_NSCameraUsageDescription = "kfz use camera";
				INFOPLIST_KEY_NSMicrophoneUsageDescription = "kfz use mmm";
				INFOPLIST_KEY_UIApplicationSupportsIndirectInputEvents = YES;
				INFOPLIST_KEY_UILaunchStoryboardName = LaunchScreen;
				INFOPLIST_KEY_UIMainStoryboardFile = Main;
				INFOPLIST_KEY_UISupportedInterfaceOrientations = UIInterfaceOrientationPortrait;
				INFOPLIST_KEY_UISupportedInterfaceOrientations_iPad = "UIInterfaceOrientationLandscapeLeft UIInterfaceOrientationLandscapeRight UIInterfaceOrientationPortrait UIInterfaceOrientationPortraitUpsideDown";
				LD_RUNPATH_SEARCH_PATHS = (
					"$(inherited)",
					"@executable_path/Frameworks",
				);
				MARKETING_VERSION = 1.1.0;
				PRODUCT_BUNDLE_IDENTIFIER = "kfzzzzzz.opencv-test-kfz";
				PRODUCT_NAME = "心态兄弟";
				SWIFT_EMIT_LOC_STRINGS = YES;
				SWIFT_VERSION = 5.0;
				TARGETED_DEVICE_FAMILY = "1,2";
			};
			name = Debug;
		};
		9454DF3A297427ED001ED74C /* Release */ = {
			isa = XCBuildConfiguration;
			baseConfigurationReference = 8C0EC5005C936EC007FB87BC /* Pods-opencv-test-main.release.xcconfig */;
			buildSettings = {
				ASSETCATALOG_COMPILER_APPICON_NAME = AppIcon;
				ASSETCATALOG_COMPILER_GLOBAL_ACCENT_COLOR_NAME = AccentColor;
				CODE_SIGN_STYLE = Automatic;
				CURRENT_PROJECT_VERSION = 2;
				DEVELOPMENT_TEAM = 2Y9CV7298B;
				GENERATE_INFOPLIST_FILE = YES;
				INFOPLIST_FILE = "opencv-test-main/Info.plist";
				INFOPLIST_KEY_NSCameraUsageDescription = "kfz use camera";
				INFOPLIST_KEY_NSMicrophoneUsageDescription = "kfz use mmm";
				INFOPLIST_KEY_UIApplicationSupportsIndirectInputEvents = YES;
				INFOPLIST_KEY_UILaunchStoryboardName = LaunchScreen;
				INFOPLIST_KEY_UIMainStoryboardFile = Main;
				INFOPLIST_KEY_UISupportedInterfaceOrientations = UIInterfaceOrientationPortrait;
				INFOPLIST_KEY_UISupportedInterfaceOrientations_iPad = "UIInterfaceOrientationLandscapeLeft UIInterfaceOrientationLandscapeRight UIInterfaceOrientationPortrait UIInterfaceOrientationPortraitUpsideDown";
				LD_RUNPATH_SEARCH_PATHS = (
					"$(inherited)",
					"@executable_path/Frameworks",
				);
				MARKETING_VERSION = 1.1.0;
				PRODUCT_BUNDLE_IDENTIFIER = "kfzzzzzz.opencv-test-kfz";
				PRODUCT_NAME = "心态兄弟";
				SWIFT_EMIT_LOC_STRINGS = YES;
				SWIFT_VERSION = 5.0;
				TARGETED_DEVICE_FAMILY = "1,2";
			};
			name = Release;
		};
/* End XCBuildConfiguration section */

/* Begin XCConfigurationList section */
		9454DF1F297427E9001ED74C /* Build configuration list for PBXProject "opencv-test-main" */ = {
			isa = XCConfigurationList;
			buildConfigurations = (
				9454DF36297427ED001ED74C /* Debug */,
				9454DF37297427ED001ED74C /* Release */,
			);
			defaultConfigurationIsVisible = 0;
			defaultConfigurationName = Release;
		};
		9454DF38297427ED001ED74C /* Build configuration list for PBXNativeTarget "opencv-test-main" */ = {
			isa = XCConfigurationList;
			buildConfigurations = (
				9454DF39297427ED001ED74C /* Debug */,
				9454DF3A297427ED001ED74C /* Release */,
			);
			defaultConfigurationIsVisible = 0;
			defaultConfigurationName = Release;
		};
/* End XCConfigurationList section */

/* Begin XCRemoteSwiftPackageReference section */
		94E84A9E29C2F30500A2F3FB /* XCRemoteSwiftPackageReference "OpenAISwift" */ = {
			isa = XCRemoteSwiftPackageReference;
			repositoryURL = "https://github.com/adamrushy/OpenAISwift.git";
			requirement = {
				kind = upToNextMajorVersion;
				minimumVersion = 1.0.0;
			};
		};
/* End XCRemoteSwiftPackageReference section */

/* Begin XCSwiftPackageProductDependency section */
		94E84A9F29C2F30500A2F3FB /* OpenAISwift */ = {
			isa = XCSwiftPackageProductDependency;
			package = 94E84A9E29C2F30500A2F3FB /* XCRemoteSwiftPackageReference "OpenAISwift" */;
			productName = OpenAISwift;
		};
/* End XCSwiftPackageProductDependency section */
	};
	rootObject = 9454DF1C297427E9001ED74C /* Project object */;
}
